{
  "name": ".toolchains",
  "lockfileVersion": 3,
  "requires": true,
  "packages": {
    "": {
      "dependencies": {
        "@xpack-dev-tools/arm-none-eabi-gcc": "^15.2.1-1.1.1"
      }
    },
    "node_modules/@xpack-dev-tools/arm-none-eabi-gcc": {
      "version": "15.2.1-1.1.1",
      "resolved": "https://registry.npmjs.org/@xpack-dev-tools/arm-none-eabi-gcc/-/arm-none-eabi-gcc-15.2.1-1.1.1.tgz",
      "integrity": "sha512-uYBW9w9qE1FkJklmPCRyEEwGzCeknYvBZmYc1QdwLdz0EHX6LFDWjqGfr4hK1/mbsiokhEWaS5J5RyWFInvupA==",
      "license": "MIT",
      "engines": {
        "node": ">=20.0"
      }
    }
  }
}
